{
  "version": "3",
  "packages": {
    "specifiers": {
      "npm:octokit@^2.0.10": "npm:octokit@2.1.0_@octokit+core@4.2.4",
      "npm:parse5": "npm:parse5@7.1.2",
      "npm:xmlserializer": "npm:xmlserializer@0.6.1"
    },
    "npm": {
      "@octokit/app@13.1.8_@octokit+core@4.2.4": {
        "integrity": "sha512-bCncePMguVyFpdBbnceFKfmPOuUD94T189GuQ0l00ZcQ+mX4hyPqnaWJlsXE2HSdA71eV7p8GPDZ+ErplTkzow==",
        "dependencies": {
          "@octokit/auth-app": "@octokit/auth-app@4.0.13",
          "@octokit/auth-unauthenticated": "@octokit/auth-unauthenticated@3.0.5",
          "@octokit/core": "@octokit/core@4.2.4",
          "@octokit/oauth-app": "@octokit/oauth-app@4.2.4",
          "@octokit/plugin-paginate-rest": "@octokit/plugin-paginate-rest@6.1.2_@octokit+core@4.2.4",
          "@octokit/types": "@octokit/types@9.3.2",
          "@octokit/webhooks": "@octokit/webhooks@10.9.2"
        }
      },
      "@octokit/auth-app@4.0.13": {
        "integrity": "sha512-NBQkmR/Zsc+8fWcVIFrwDgNXS7f4XDrkd9LHdi9DPQw1NdGHLviLzRO2ZBwTtepnwHXW5VTrVU9eFGijMUqllg==",
        "dependencies": {
          "@octokit/auth-oauth-app": "@octokit/auth-oauth-app@5.0.6",
          "@octokit/auth-oauth-user": "@octokit/auth-oauth-user@2.1.2",
          "@octokit/request": "@octokit/request@6.2.8",
          "@octokit/request-error": "@octokit/request-error@3.0.3",
          "@octokit/types": "@octokit/types@9.3.2",
          "deprecation": "deprecation@2.3.1",
          "lru-cache": "lru-cache@9.1.2",
          "universal-github-app-jwt": "universal-github-app-jwt@1.1.2",
          "universal-user-agent": "universal-user-agent@6.0.1"
        }
      },
      "@octokit/auth-oauth-app@5.0.6": {
        "integrity": "sha512-SxyfIBfeFcWd9Z/m1xa4LENTQ3l1y6Nrg31k2Dcb1jS5ov7pmwMJZ6OGX8q3K9slRgVpeAjNA1ipOAMHkieqyw==",
        "dependencies": {
          "@octokit/auth-oauth-device": "@octokit/auth-oauth-device@4.0.5",
          "@octokit/auth-oauth-user": "@octokit/auth-oauth-user@2.1.2",
          "@octokit/request": "@octokit/request@6.2.8",
          "@octokit/types": "@octokit/types@9.3.2",
          "@types/btoa-lite": "@types/btoa-lite@1.0.2",
          "btoa-lite": "btoa-lite@1.0.0",
          "universal-user-agent": "universal-user-agent@6.0.1"
        }
      },
      "@octokit/auth-oauth-device@4.0.5": {
        "integrity": "sha512-XyhoWRTzf2ZX0aZ52a6Ew5S5VBAfwwx1QnC2Np6Et3MWQpZjlREIcbcvVZtkNuXp6Z9EeiSLSDUqm3C+aMEHzQ==",
        "dependencies": {
          "@octokit/oauth-methods": "@octokit/oauth-methods@2.0.6",
          "@octokit/request": "@octokit/request@6.2.8",
          "@octokit/types": "@octokit/types@9.3.2",
          "universal-user-agent": "universal-user-agent@6.0.1"
        }
      },
      "@octokit/auth-oauth-user@2.1.2": {
        "integrity": "sha512-kkRqNmFe7s5GQcojE3nSlF+AzYPpPv7kvP/xYEnE57584pixaFBH8Vovt+w5Y3E4zWUEOxjdLItmBTFAWECPAg==",
        "dependencies": {
          "@octokit/auth-oauth-device": "@octokit/auth-oauth-device@4.0.5",
          "@octokit/oauth-methods": "@octokit/oauth-methods@2.0.6",
          "@octokit/request": "@octokit/request@6.2.8",
          "@octokit/types": "@octokit/types@9.3.2",
          "btoa-lite": "btoa-lite@1.0.0",
          "universal-user-agent": "universal-user-agent@6.0.1"
        }
      },
      "@octokit/auth-token@3.0.4": {
        "integrity": "sha512-TWFX7cZF2LXoCvdmJWY7XVPi74aSY0+FfBZNSXEXFkMpjcqsQwDSYVv5FhRFaI0V1ECnwbz4j59T/G+rXNWaIQ==",
        "dependencies": {}
      },
      "@octokit/auth-unauthenticated@3.0.5": {
        "integrity": "sha512-yH2GPFcjrTvDWPwJWWCh0tPPtTL5SMgivgKPA+6v/XmYN6hGQkAto8JtZibSKOpf8ipmeYhLNWQ2UgW0GYILCw==",
        "dependencies": {
          "@octokit/request-error": "@octokit/request-error@3.0.3",
          "@octokit/types": "@octokit/types@9.3.2"
        }
      },
      "@octokit/core@4.2.4": {
        "integrity": "sha512-rYKilwgzQ7/imScn3M9/pFfUf4I1AZEH3KhyJmtPdE2zfaXAn2mFfUy4FbKewzc2We5y/LlKLj36fWJLKC2SIQ==",
        "dependencies": {
          "@octokit/auth-token": "@octokit/auth-token@3.0.4",
          "@octokit/graphql": "@octokit/graphql@5.0.6",
          "@octokit/request": "@octokit/request@6.2.8",
          "@octokit/request-error": "@octokit/request-error@3.0.3",
          "@octokit/types": "@octokit/types@9.3.2",
          "before-after-hook": "before-after-hook@2.2.3",
          "universal-user-agent": "universal-user-agent@6.0.1"
        }
      },
      "@octokit/endpoint@7.0.6": {
        "integrity": "sha512-5L4fseVRUsDFGR00tMWD/Trdeeihn999rTMGRMC1G/Ldi1uWlWJzI98H4Iak5DB/RVvQuyMYKqSK/R6mbSOQyg==",
        "dependencies": {
          "@octokit/types": "@octokit/types@9.3.2",
          "is-plain-object": "is-plain-object@5.0.0",
          "universal-user-agent": "universal-user-agent@6.0.1"
        }
      },
      "@octokit/graphql@5.0.6": {
        "integrity": "sha512-Fxyxdy/JH0MnIB5h+UQ3yCoh1FG4kWXfFKkpWqjZHw/p+Kc8Y44Hu/kCgNBT6nU1shNumEchmW/sUO1JuQnPcw==",
        "dependencies": {
          "@octokit/request": "@octokit/request@6.2.8",
          "@octokit/types": "@octokit/types@9.3.2",
          "universal-user-agent": "universal-user-agent@6.0.1"
        }
      },
      "@octokit/oauth-app@4.2.4": {
        "integrity": "sha512-iuOVFrmm5ZKNavRtYu5bZTtmlKLc5uVgpqTfMEqYYf2OkieV6VdxKZAb5qLVdEPL8LU2lMWcGpavPBV835cgoA==",
        "dependencies": {
          "@octokit/auth-oauth-app": "@octokit/auth-oauth-app@5.0.6",
          "@octokit/auth-oauth-user": "@octokit/auth-oauth-user@2.1.2",
          "@octokit/auth-unauthenticated": "@octokit/auth-unauthenticated@3.0.5",
          "@octokit/core": "@octokit/core@4.2.4",
          "@octokit/oauth-authorization-url": "@octokit/oauth-authorization-url@5.0.0",
          "@octokit/oauth-methods": "@octokit/oauth-methods@2.0.6",
          "@types/aws-lambda": "@types/aws-lambda@8.10.133",
          "fromentries": "fromentries@1.3.2",
          "universal-user-agent": "universal-user-agent@6.0.1"
        }
      },
      "@octokit/oauth-authorization-url@5.0.0": {
        "integrity": "sha512-y1WhN+ERDZTh0qZ4SR+zotgsQUE1ysKnvBt1hvDRB2WRzYtVKQjn97HEPzoehh66Fj9LwNdlZh+p6TJatT0zzg==",
        "dependencies": {}
      },
      "@octokit/oauth-methods@2.0.6": {
        "integrity": "sha512-l9Uml2iGN2aTWLZcm8hV+neBiFXAQ9+3sKiQe/sgumHlL6HDg0AQ8/l16xX/5jJvfxueqTW5CWbzd0MjnlfHZw==",
        "dependencies": {
          "@octokit/oauth-authorization-url": "@octokit/oauth-authorization-url@5.0.0",
          "@octokit/request": "@octokit/request@6.2.8",
          "@octokit/request-error": "@octokit/request-error@3.0.3",
          "@octokit/types": "@octokit/types@9.3.2",
          "btoa-lite": "btoa-lite@1.0.0"
        }
      },
      "@octokit/openapi-types@18.1.1": {
        "integrity": "sha512-VRaeH8nCDtF5aXWnjPuEMIYf1itK/s3JYyJcWFJT8X9pSNnBtriDf7wlEWsGuhPLl4QIH4xM8fqTXDwJ3Mu6sw==",
        "dependencies": {}
      },
      "@octokit/plugin-paginate-rest@6.1.2_@octokit+core@4.2.4": {
        "integrity": "sha512-qhrmtQeHU/IivxucOV1bbI/xZyC/iOBhclokv7Sut5vnejAIAEXVcGQeRpQlU39E0WwK9lNvJHphHri/DB6lbQ==",
        "dependencies": {
          "@octokit/core": "@octokit/core@4.2.4",
          "@octokit/tsconfig": "@octokit/tsconfig@1.0.2",
          "@octokit/types": "@octokit/types@9.3.2"
        }
      },
      "@octokit/plugin-rest-endpoint-methods@7.2.3_@octokit+core@4.2.4": {
        "integrity": "sha512-I5Gml6kTAkzVlN7KCtjOM+Ruwe/rQppp0QU372K1GP7kNOYEKe8Xn5BW4sE62JAHdwpq95OQK/qGNyKQMUzVgA==",
        "dependencies": {
          "@octokit/core": "@octokit/core@4.2.4",
          "@octokit/types": "@octokit/types@10.0.0"
        }
      },
      "@octokit/plugin-retry@4.1.6_@octokit+core@4.2.4": {
        "integrity": "sha512-obkYzIgEC75r8+9Pnfiiqy3y/x1bc3QLE5B7qvv9wi9Kj0R5tGQFC6QMBg1154WQ9lAVypuQDGyp3hNpp15gQQ==",
        "dependencies": {
          "@octokit/core": "@octokit/core@4.2.4",
          "@octokit/types": "@octokit/types@9.3.2",
          "bottleneck": "bottleneck@2.19.5"
        }
      },
      "@octokit/plugin-throttling@5.2.3_@octokit+core@4.2.4": {
        "integrity": "sha512-C9CFg9mrf6cugneKiaI841iG8DOv6P5XXkjmiNNut+swePxQ7RWEdAZRp5rJoE1hjsIqiYcKa/ZkOQ+ujPI39Q==",
        "dependencies": {
          "@octokit/core": "@octokit/core@4.2.4",
          "@octokit/types": "@octokit/types@9.3.2",
          "bottleneck": "bottleneck@2.19.5"
        }
      },
      "@octokit/request-error@3.0.3": {
        "integrity": "sha512-crqw3V5Iy2uOU5Np+8M/YexTlT8zxCfI+qu+LxUB7SZpje4Qmx3mub5DfEKSO8Ylyk0aogi6TYdf6kxzh2BguQ==",
        "dependencies": {
          "@octokit/types": "@octokit/types@9.3.2",
          "deprecation": "deprecation@2.3.1",
          "once": "once@1.4.0"
        }
      },
      "@octokit/request@6.2.8": {
        "integrity": "sha512-ow4+pkVQ+6XVVsekSYBzJC0VTVvh/FCTUUgTsboGq+DTeWdyIFV8WSCdo0RIxk6wSkBTHqIK1mYuY7nOBXOchw==",
        "dependencies": {
          "@octokit/endpoint": "@octokit/endpoint@7.0.6",
          "@octokit/request-error": "@octokit/request-error@3.0.3",
          "@octokit/types": "@octokit/types@9.3.2",
          "is-plain-object": "is-plain-object@5.0.0",
          "node-fetch": "node-fetch@2.7.0",
          "universal-user-agent": "universal-user-agent@6.0.1"
        }
      },
      "@octokit/tsconfig@1.0.2": {
        "integrity": "sha512-I0vDR0rdtP8p2lGMzvsJzbhdOWy405HcGovrspJ8RRibHnyRgggUSNO5AIox5LmqiwmatHKYsvj6VGFHkqS7lA==",
        "dependencies": {}
      },
      "@octokit/types@10.0.0": {
        "integrity": "sha512-Vm8IddVmhCgU1fxC1eyinpwqzXPEYu0NrYzD3YZjlGjyftdLBTeqNblRC0jmJmgxbJIsQlyogVeGnrNaaMVzIg==",
        "dependencies": {
          "@octokit/openapi-types": "@octokit/openapi-types@18.1.1"
        }
      },
      "@octokit/types@9.3.2": {
        "integrity": "sha512-D4iHGTdAnEEVsB8fl95m1hiz7D5YiRdQ9b/OEb3BYRVwbLsGHcRVPz+u+BgRLNk0Q0/4iZCBqDN96j2XNxfXrA==",
        "dependencies": {
          "@octokit/openapi-types": "@octokit/openapi-types@18.1.1"
        }
      },
      "@octokit/webhooks-methods@3.0.3": {
        "integrity": "sha512-2vM+DCNTJ5vL62O5LagMru6XnYhV4fJslK+5YUkTa6rWlW2S+Tqs1lF9Wr9OGqHfVwpBj3TeztWfVON/eUoW1Q==",
        "dependencies": {}
      },
      "@octokit/webhooks-types@6.11.0": {
        "integrity": "sha512-AanzbulOHljrku1NGfafxdpTCfw2ENaWzH01N2vqQM+cUFbk868Cgh0xylz0JIM9BoKbfI++bdD6EYX0Q/UTEw==",
        "dependencies": {}
      },
      "@octokit/webhooks@10.9.2": {
        "integrity": "sha512-hFVF/szz4l/Y/GQdKxNmQjUke0XJXK986p+ucIlubTGVPVtVtup5G1jarQfvCMBs9Fvlf9dvH8K83E4lefmofQ==",
        "dependencies": {
          "@octokit/request-error": "@octokit/request-error@3.0.3",
          "@octokit/webhooks-methods": "@octokit/webhooks-methods@3.0.3",
          "@octokit/webhooks-types": "@octokit/webhooks-types@6.11.0",
          "aggregate-error": "aggregate-error@3.1.0"
        }
      },
      "@types/aws-lambda@8.10.133": {
        "integrity": "sha512-sr852MAL/79rjDelXP6ZuJ6GwOvXIRrFAoC8a+w91mZ5XR71CuzSgo1d0+pG1qgfPhjFgaibu7SWaoC5BA7pyQ==",
        "dependencies": {}
      },
      "@types/btoa-lite@1.0.2": {
        "integrity": "sha512-ZYbcE2x7yrvNFJiU7xJGrpF/ihpkM7zKgw8bha3LNJSesvTtUNxbpzaT7WXBIryf6jovisrxTBvymxMeLLj1Mg==",
        "dependencies": {}
      },
      "@types/jsonwebtoken@9.0.5": {
        "integrity": "sha512-VRLSGzik+Unrup6BsouBeHsf4d1hOEgYWTm/7Nmw1sXoN1+tRly/Gy/po3yeahnP4jfnQWWAhQAqcNfH7ngOkA==",
        "dependencies": {
          "@types/node": "@types/node@18.16.19"
        }
      },
      "@types/node@18.16.19": {
        "integrity": "sha512-IXl7o+R9iti9eBW4Wg2hx1xQDig183jj7YLn8F7udNceyfkbn1ZxmzZXuak20gR40D7pIkIY1kYGx5VIGbaHKA==",
        "dependencies": {}
      },
      "aggregate-error@3.1.0": {
        "integrity": "sha512-4I7Td01quW/RpocfNayFdFVk1qSuoh0E7JrbRJ16nH01HhKFQ88INq9Sd+nd72zqRySlr9BmDA8xlEJ6vJMrYA==",
        "dependencies": {
          "clean-stack": "clean-stack@2.2.0",
          "indent-string": "indent-string@4.0.0"
        }
      },
      "before-after-hook@2.2.3": {
        "integrity": "sha512-NzUnlZexiaH/46WDhANlyR2bXRopNg4F/zuSA3OpZnllCUgRaOF2znDioDWrmbNVsuZk6l9pMquQB38cfBZwkQ==",
        "dependencies": {}
      },
      "bottleneck@2.19.5": {
        "integrity": "sha512-VHiNCbI1lKdl44tGrhNfU3lup0Tj/ZBMJB5/2ZbNXRCPuRCO7ed2mgcK4r17y+KB2EfuYuRaVlwNbAeaWGSpbw==",
        "dependencies": {}
      },
      "btoa-lite@1.0.0": {
        "integrity": "sha512-gvW7InbIyF8AicrqWoptdW08pUxuhq8BEgowNajy9RhiE86fmGAGl+bLKo6oB8QP0CkqHLowfN0oJdKC/J6LbA==",
        "dependencies": {}
      },
      "buffer-equal-constant-time@1.0.1": {
        "integrity": "sha512-zRpUiDwd/xk6ADqPMATG8vc9VPrkck7T07OIx0gnjmJAnHnTVXNQG3vfvWNuiZIkwu9KrKdA1iJKfsfTVxE6NA==",
        "dependencies": {}
      },
      "clean-stack@2.2.0": {
        "integrity": "sha512-4diC9HaTE+KRAMWhDhrGOECgWZxoevMc5TlkObMqNSsVU62PYzXZ/SMTjzyGAFF1YusgxGcSWTEXBhp0CPwQ1A==",
        "dependencies": {}
      },
      "deprecation@2.3.1": {
        "integrity": "sha512-xmHIy4F3scKVwMsQ4WnVaS8bHOx0DmVwRywosKhaILI0ywMDWPtBSku2HNxRvF7jtwDRsoEwYQSfbxj8b7RlJQ==",
        "dependencies": {}
      },
      "ecdsa-sig-formatter@1.0.11": {
        "integrity": "sha512-nagl3RYrbNv6kQkeJIpt6NJZy8twLB/2vtz6yN9Z4vRKHN4/QZJIEbqohALSgwKdnksuY3k5Addp5lg8sVoVcQ==",
        "dependencies": {
          "safe-buffer": "safe-buffer@5.2.1"
        }
      },
      "entities@4.5.0": {
        "integrity": "sha512-V0hjH4dGPh9Ao5p0MoRY6BVqtwCjhz6vI5LT8AJ55H+4g9/4vbHx1I54fS0XuclLhDHArPQCiMjDxjaL8fPxhw==",
        "dependencies": {}
      },
      "fromentries@1.3.2": {
        "integrity": "sha512-cHEpEQHUg0f8XdtZCc2ZAhrHzKzT0MrFUTcvx+hfxYu7rGMDc5SKoXFh+n4YigxsHXRzc6OrCshdR1bWH6HHyg==",
        "dependencies": {}
      },
      "indent-string@4.0.0": {
        "integrity": "sha512-EdDDZu4A2OyIK7Lr/2zG+w5jmbuk1DVBnEwREQvBzspBJkCEbRa8GxU1lghYcaGJCnRWibjDXlq779X1/y5xwg==",
        "dependencies": {}
      },
      "is-plain-object@5.0.0": {
        "integrity": "sha512-VRSzKkbMm5jMDoKLbltAkFQ5Qr7VDiTFGXxYFXXowVj387GeGNOCsOH6Msy00SGZ3Fp84b1Naa1psqgcCIEP5Q==",
        "dependencies": {}
      },
      "jsonwebtoken@9.0.2": {
        "integrity": "sha512-PRp66vJ865SSqOlgqS8hujT5U4AOgMfhrwYIuIhfKaoSCZcirrmASQr8CX7cUg+RMih+hgznrjp99o+W4pJLHQ==",
        "dependencies": {
          "jws": "jws@3.2.2",
          "lodash.includes": "lodash.includes@4.3.0",
          "lodash.isboolean": "lodash.isboolean@3.0.3",
          "lodash.isinteger": "lodash.isinteger@4.0.4",
          "lodash.isnumber": "lodash.isnumber@3.0.3",
          "lodash.isplainobject": "lodash.isplainobject@4.0.6",
          "lodash.isstring": "lodash.isstring@4.0.1",
          "lodash.once": "lodash.once@4.1.1",
          "ms": "ms@2.1.3",
          "semver": "semver@7.5.4"
        }
      },
      "jwa@1.4.1": {
        "integrity": "sha512-qiLX/xhEEFKUAJ6FiBMbes3w9ATzyk5W7Hvzpa/SLYdxNtng+gcurvrI7TbACjIXlsJyr05/S1oUhZrc63evQA==",
        "dependencies": {
          "buffer-equal-constant-time": "buffer-equal-constant-time@1.0.1",
          "ecdsa-sig-formatter": "ecdsa-sig-formatter@1.0.11",
          "safe-buffer": "safe-buffer@5.2.1"
        }
      },
      "jws@3.2.2": {
        "integrity": "sha512-YHlZCB6lMTllWDtSPHz/ZXTsi8S00usEV6v1tjq8tOUZzw7DpSDWVXjXDre6ed1w/pd495ODpHZYSdkRTsa0HA==",
        "dependencies": {
          "jwa": "jwa@1.4.1",
          "safe-buffer": "safe-buffer@5.2.1"
        }
      },
      "lodash.includes@4.3.0": {
        "integrity": "sha512-W3Bx6mdkRTGtlJISOvVD/lbqjTlPPUDTMnlXZFnVwi9NKJ6tiAk6LVdlhZMm17VZisqhKcgzpO5Wz91PCt5b0w==",
        "dependencies": {}
      },
      "lodash.isboolean@3.0.3": {
        "integrity": "sha512-Bz5mupy2SVbPHURB98VAcw+aHh4vRV5IPNhILUCsOzRmsTmSQ17jIuqopAentWoehktxGd9e/hbIXq980/1QJg==",
        "dependencies": {}
      },
      "lodash.isinteger@4.0.4": {
        "integrity": "sha512-DBwtEWN2caHQ9/imiNeEA5ys1JoRtRfY3d7V9wkqtbycnAmTvRRmbHKDV4a0EYc678/dia0jrte4tjYwVBaZUA==",
        "dependencies": {}
      },
      "lodash.isnumber@3.0.3": {
        "integrity": "sha512-QYqzpfwO3/CWf3XP+Z+tkQsfaLL/EnUlXWVkIk5FUPc4sBdTehEqZONuyRt2P67PXAk+NXmTBcc97zw9t1FQrw==",
        "dependencies": {}
      },
      "lodash.isplainobject@4.0.6": {
        "integrity": "sha512-oSXzaWypCMHkPC3NvBEaPHf0KsA5mvPrOPgQWDsbg8n7orZ290M0BmC/jgRZ4vcJ6DTAhjrsSYgdsW/F+MFOBA==",
        "dependencies": {}
      },
      "lodash.isstring@4.0.1": {
        "integrity": "sha512-0wJxfxH1wgO3GrbuP+dTTk7op+6L41QCXbGINEmD+ny/G/eCqGzxyCsh7159S+mgDDcoarnBw6PC1PS5+wUGgw==",
        "dependencies": {}
      },
      "lodash.once@4.1.1": {
        "integrity": "sha512-Sb487aTOCr9drQVL8pIxOzVhafOjZN9UU54hiN8PU3uAiSV7lx1yYNpbNmex2PK6dSJoNTSJUUswT651yww3Mg==",
        "dependencies": {}
      },
      "lru-cache@6.0.0": {
        "integrity": "sha512-Jo6dJ04CmSjuznwJSS3pUeWmd/H0ffTlkXXgwZi+eq1UCmqQwCh+eLsYOYCwY991i2Fah4h1BEMCx4qThGbsiA==",
        "dependencies": {
          "yallist": "yallist@4.0.0"
        }
      },
      "lru-cache@9.1.2": {
        "integrity": "sha512-ERJq3FOzJTxBbFjZ7iDs+NiK4VI9Wz+RdrrAB8dio1oV+YvdPzUEE4QNiT2VD51DkIbCYRUUzCRkssXCHqSnKQ==",
        "dependencies": {}
      },
      "ms@2.1.3": {
        "integrity": "sha512-6FlzubTLZG3J2a/NVCAleEhjzq5oxgHyaCU9yYXvcLsvoVaHJq/s5xXI6/XXP6tz7R9xAOtHnSO/tXtF3WRTlA==",
        "dependencies": {}
      },
      "node-fetch@2.7.0": {
        "integrity": "sha512-c4FRfUm/dbcWZ7U+1Wq0AwCyFL+3nt2bEw05wfxSz+DWpWsitgmSgYmy2dQdWyKC1694ELPqMs/YzUSNozLt8A==",
        "dependencies": {
          "whatwg-url": "whatwg-url@5.0.0"
        }
      },
      "octokit@2.1.0_@octokit+core@4.2.4": {
        "integrity": "sha512-Pxi6uKTjBRZWgAwsw1NgHdRlL+QASCN35OYS7X79o7PtBME0CLXEroZmPtEwlWZbPTP+iDbEy2wCbSOgm0uGIQ==",
        "dependencies": {
          "@octokit/app": "@octokit/app@13.1.8_@octokit+core@4.2.4",
          "@octokit/core": "@octokit/core@4.2.4",
          "@octokit/oauth-app": "@octokit/oauth-app@4.2.4",
          "@octokit/plugin-paginate-rest": "@octokit/plugin-paginate-rest@6.1.2_@octokit+core@4.2.4",
          "@octokit/plugin-rest-endpoint-methods": "@octokit/plugin-rest-endpoint-methods@7.2.3_@octokit+core@4.2.4",
          "@octokit/plugin-retry": "@octokit/plugin-retry@4.1.6_@octokit+core@4.2.4",
          "@octokit/plugin-throttling": "@octokit/plugin-throttling@5.2.3_@octokit+core@4.2.4",
          "@octokit/request-error": "@octokit/request-error@3.0.3",
          "@octokit/types": "@octokit/types@9.3.2"
        }
      },
      "once@1.4.0": {
        "integrity": "sha512-lNaJgI+2Q5URQBkccEKHTQOPaXdUxnZZElQTZY0MFUAuaEqe1E+Nyvgdz/aIyNi6Z9MzO5dv1H8n58/GELp3+w==",
        "dependencies": {
          "wrappy": "wrappy@1.0.2"
        }
      },
      "parse5@7.1.2": {
        "integrity": "sha512-Czj1WaSVpaoj0wbhMzLmWD69anp2WH7FXMB9n1Sy8/ZFF9jolSQVMu1Ij5WIyGmcBmhk7EOndpO4mIpihVqAXw==",
        "dependencies": {
          "entities": "entities@4.5.0"
        }
      },
      "safe-buffer@5.2.1": {
        "integrity": "sha512-rp3So07KcdmmKbGvgaNxQSJr7bGVSVk5S9Eq1F+ppbRo70+YeaDxkw5Dd8NPN+GD6bjnYm2VuPuCXmpuYvmCXQ==",
        "dependencies": {}
      },
      "semver@7.5.4": {
        "integrity": "sha512-1bCSESV6Pv+i21Hvpxp3Dx+pSD8lIPt8uVjRrxAUt/nbswYc+tK6Y2btiULjd4+fnq15PX+nqQDC7Oft7WkwcA==",
        "dependencies": {
          "lru-cache": "lru-cache@6.0.0"
        }
      },
      "tr46@0.0.3": {
        "integrity": "sha512-N3WMsuqV66lT30CrXNbEjx4GEwlow3v6rr4mCcv6prnfwhS01rkgyFdjPNBYd9br7LpXV1+Emh01fHnq2Gdgrw==",
        "dependencies": {}
      },
      "universal-github-app-jwt@1.1.2": {
        "integrity": "sha512-t1iB2FmLFE+yyJY9+3wMx0ejB+MQpEVkH0gQv7dR6FZyltyq+ZZO0uDpbopxhrZ3SLEO4dCEkIujOMldEQ2iOA==",
        "dependencies": {
          "@types/jsonwebtoken": "@types/jsonwebtoken@9.0.5",
          "jsonwebtoken": "jsonwebtoken@9.0.2"
        }
      },
      "universal-user-agent@6.0.1": {
        "integrity": "sha512-yCzhz6FN2wU1NiiQRogkTQszlQSlpWaw8SvVegAc+bDxbzHgh1vX8uIe8OYyMH6DwH+sdTJsgMl36+mSMdRJIQ==",
        "dependencies": {}
      },
      "webidl-conversions@3.0.1": {
        "integrity": "sha512-2JAn3z8AR6rjK8Sm8orRC0h/bcl/DqL7tRPdGZ4I1CjdF+EaMLmYxBHyXuKL849eucPFhvBoxMsflfOb8kxaeQ==",
        "dependencies": {}
      },
      "whatwg-url@5.0.0": {
        "integrity": "sha512-saE57nupxk6v3HY35+jzBwYa0rKSy0XR8JSxZPwgLr7ys0IBzhGviA1/TUGJLmSVqs8pb9AnvICXEuOHLprYTw==",
        "dependencies": {
          "tr46": "tr46@0.0.3",
          "webidl-conversions": "webidl-conversions@3.0.1"
        }
      },
      "wrappy@1.0.2": {
        "integrity": "sha512-l4Sp/DRseor9wL6EvV2+TuQn63dMkPjZ/sp9XkghTEbV9KlPS1xUsZ3u7/IQO4wxtcFB4bgpQPRcR3QCvezPcQ==",
        "dependencies": {}
      },
      "xmlserializer@0.6.1": {
        "integrity": "sha512-FNb0eEqqUUbnuvxuHqNuKH8qCGKqxu+558Zi8UzOoQk8Z9LdvpONK+v7m3gpKVHrk5Aq+0nNLsKxu/6OYh7Umw==",
        "dependencies": {}
      },
      "yallist@4.0.0": {
        "integrity": "sha512-3wdGidZyq5PB084XLES5TpOSRA3wjXAlIWMhum2kRcv/41Sn2emQ0dycQW4uZXLejwKvg6EsvbdlVL+FYEct7A==",
        "dependencies": {}
      }
    }
  },
  "redirects": {
    "https://deno.land/std/flags/mod.ts": "https://deno.land/std@0.214.0/flags/mod.ts"
  },
  "remote": {
    "https://deno.land/std@0.214.0/assert/assert.ts": "bec068b2fccdd434c138a555b19a2c2393b71dfaada02b7d568a01541e67cdc5",
    "https://deno.land/std@0.214.0/assert/assert_exists.ts": "24a7bf965e634f909242cd09fbaf38bde6b791128ece08e33ab08586a7cc55c9",
    "https://deno.land/std@0.214.0/assert/assertion_error.ts": "9f689a101ee586c4ce92f52fa7ddd362e86434ffdf1f848e45987dc7689976b8",
    "https://deno.land/std@0.214.0/flags/mod.ts": "9f13f3a49c54618277ac49195af934f1c7d235731bcf80fd33b8b234e6839ce9",
    "https://deno.land/std@0.214.0/fs/_create_walk_entry.ts": "5d9d2aaec05bcf09a06748b1684224d33eba7a4de24cf4cf5599991ca6b5b412",
    "https://deno.land/std@0.214.0/fs/_get_file_info_type.ts": "da7bec18a7661dba360a1db475b826b18977582ce6fc9b25f3d4ee0403fe8cbd",
    "https://deno.land/std@0.214.0/fs/_is_same_path.ts": "709c95868345fea051c58b9e96af95cff94e6ae98dfcff2b66dee0c212c4221f",
    "https://deno.land/std@0.214.0/fs/_is_subdir.ts": "c68b309d46cc8568ed83c000f608a61bbdba0943b7524e7a30f9e450cf67eecd",
    "https://deno.land/std@0.214.0/fs/_to_path_string.ts": "29bfc9c6c112254961d75cbf6ba814d6de5349767818eb93090cecfa9665591e",
    "https://deno.land/std@0.214.0/fs/copy.ts": "dc0f68c4b6c3b090bfdb909387e309f6169b746bd713927c9507c9ef545d71f6",
    "https://deno.land/std@0.214.0/fs/empty_dir.ts": "4f01e6d56e2aa8d90ad60f20bc25601f516b00f6c3044cdf6863a058791d91aa",
    "https://deno.land/std@0.214.0/fs/ensure_dir.ts": "dffff68de0d10799b5aa9e39dec4e327e12bbd29e762292193684542648c4aeb",
    "https://deno.land/std@0.214.0/fs/ensure_file.ts": "ac5cfde94786b0284d2c8e9f7f9425269bea1b2140612b4aea1f20b508870f59",
    "https://deno.land/std@0.214.0/fs/ensure_link.ts": "d42af2edefeaa9817873ec6e46dc5d209ac4d744f8c69c5ecc2dffade78465b6",
    "https://deno.land/std@0.214.0/fs/ensure_symlink.ts": "aee3f1655700f60090b4a3037f5b6c07ab37c36807cccad746ce89987719e6d2",
    "https://deno.land/std@0.214.0/fs/eol.ts": "c9807291f78361d49fd986a9be04654610c615c5e2ec63d748976197d30ff206",
    "https://deno.land/std@0.214.0/fs/exists.ts": "d2757ef764eaf5c6c5af7228e8447db2de42ab084a2dae540097f905723d83f5",
    "https://deno.land/std@0.214.0/fs/expand_glob.ts": "a64e4ab51f62780f764789c9cdeacc862d221e35207fb81170a980ccc22868e3",
    "https://deno.land/std@0.214.0/fs/mod.ts": "107f5afa4424c2d3ce2f7e9266173198da30302c69af662c720115fe504dc5ee",
    "https://deno.land/std@0.214.0/fs/move.ts": "39e0d7ccb88a566d20b949712020e766b15ef1ec19159573d11f949bd677909c",
    "https://deno.land/std@0.214.0/fs/walk.ts": "78e1d01a9f75715614bf8d6e58bd77d9fafb1222c41194e607cd3849d7a0e771",
    "https://deno.land/std@0.214.0/path/_common/assert_path.ts": "2ca275f36ac1788b2acb60fb2b79cb06027198bc2ba6fb7e163efaedde98c297",
    "https://deno.land/std@0.214.0/path/_common/basename.ts": "569744855bc8445f3a56087fd2aed56bdad39da971a8d92b138c9913aecc5fa2",
    "https://deno.land/std@0.214.0/path/_common/constants.ts": "dc5f8057159f4b48cd304eb3027e42f1148cf4df1fb4240774d3492b5d12ac0c",
    "https://deno.land/std@0.214.0/path/_common/dirname.ts": "684df4aa71a04bbcc346c692c8485594fc8a90b9408dfbc26ff32cf3e0c98cc8",
    "https://deno.land/std@0.214.0/path/_common/from_file_url.ts": "d672bdeebc11bf80e99bf266f886c70963107bdd31134c4e249eef51133ceccf",
    "https://deno.land/std@0.214.0/path/_common/glob_to_reg_exp.ts": "2007aa87bed6eb2c8ae8381adcc3125027543d9ec347713c1ad2c68427330770",
    "https://deno.land/std@0.214.0/path/_common/normalize.ts": "684df4aa71a04bbcc346c692c8485594fc8a90b9408dfbc26ff32cf3e0c98cc8",
    "https://deno.land/std@0.214.0/path/_common/normalize_string.ts": "dfdf657a1b1a7db7999f7c575ee7e6b0551d9c20f19486c6c3f5ff428384c965",
    "https://deno.land/std@0.214.0/path/_common/strip_trailing_separators.ts": "7024a93447efcdcfeaa9339a98fa63ef9d53de363f1fbe9858970f1bba02655a",
    "https://deno.land/std@0.214.0/path/_os.ts": "8fb9b90fb6b753bd8c77cfd8a33c2ff6c5f5bc185f50de8ca4ac6a05710b2c15",
    "https://deno.land/std@0.214.0/path/basename.ts": "5d341aadb7ada266e2280561692c165771d071c98746fcb66da928870cd47668",
    "https://deno.land/std@0.214.0/path/constants.ts": "0c206169ca104938ede9da48ac952de288f23343304a1c3cb6ec7625e7325f36",
    "https://deno.land/std@0.214.0/path/dirname.ts": "85bd955bf31d62c9aafdd7ff561c4b5fb587d11a9a5a45e2b01aedffa4238a7c",
    "https://deno.land/std@0.214.0/path/from_file_url.ts": "911833ae4fd10a1c84f6271f36151ab785955849117dc48c6e43b929504ee069",
    "https://deno.land/std@0.214.0/path/glob.ts": "04510962905d4b1513b44da9cb195914e0fa46c24359f6feaca20848d797dcb0",
    "https://deno.land/std@0.214.0/path/glob_to_regexp.ts": "83c5fd36a8c86f5e72df9d0f45317f9546afa2ce39acaafe079d43a865aced08",
    "https://deno.land/std@0.214.0/path/is_absolute.ts": "4791afc8bfd0c87f0526eaa616b0d16e7b3ab6a65b62942e50eac68de4ef67d7",
    "https://deno.land/std@0.214.0/path/is_glob.ts": "a65f6195d3058c3050ab905705891b412ff942a292bcbaa1a807a74439a14141",
    "https://deno.land/std@0.214.0/path/join.ts": "ae2ec5ca44c7e84a235fd532e4a0116bfb1f2368b394db1c4fb75e3c0f26a33a",
    "https://deno.land/std@0.214.0/path/join_globs.ts": "e9589869a33dc3982101898ee50903db918ca00ad2614dbe3934d597d7b1fbea",
    "https://deno.land/std@0.214.0/path/normalize.ts": "4155743ccceeed319b350c1e62e931600272fad8ad00c417b91df093867a8352",
    "https://deno.land/std@0.214.0/path/normalize_glob.ts": "98ee8268fad271193603271c203ae973280b5abfbdd2cbca1053fd2af71869ca",
    "https://deno.land/std@0.214.0/path/posix/_util.ts": "1e3937da30f080bfc99fe45d7ed23c47dd8585c5e473b2d771380d3a6937cf9d",
    "https://deno.land/std@0.214.0/path/posix/basename.ts": "39ee27a29f1f35935d3603ccf01d53f3d6e0c5d4d0f84421e65bd1afeff42843",
    "https://deno.land/std@0.214.0/path/posix/constants.ts": "93481efb98cdffa4c719c22a0182b994e5a6aed3047e1962f6c2c75b7592bef1",
    "https://deno.land/std@0.214.0/path/posix/dirname.ts": "6535d2bdd566118963537b9dda8867ba9e2a361015540dc91f5afbb65c0cce8b",
    "https://deno.land/std@0.214.0/path/posix/from_file_url.ts": "951aee3a2c46fd0ed488899d024c6352b59154c70552e90885ed0c2ab699bc40",
    "https://deno.land/std@0.214.0/path/posix/glob_to_regexp.ts": "54d3ff40f309e3732ab6e5b19d7111d2d415248bcd35b67a99defcbc1972e697",
    "https://deno.land/std@0.214.0/path/posix/is_absolute.ts": "cebe561ad0ae294f0ce0365a1879dcfca8abd872821519b4fcc8d8967f888ede",
    "https://deno.land/std@0.214.0/path/posix/join.ts": "aef88d5fa3650f7516730865dbb951594d1a955b785e2450dbee93b8e32694f3",
    "https://deno.land/std@0.214.0/path/posix/join_globs.ts": "ee2f4676c5b8a0dfa519da58b8ade4d1c4aa8dd3fe35619edec883ae9df1f8c9",
    "https://deno.land/std@0.214.0/path/posix/normalize.ts": "baeb49816a8299f90a0237d214cef46f00ba3e95c0d2ceb74205a6a584b58a91",
    "https://deno.land/std@0.214.0/path/posix/normalize_glob.ts": "65f0138fa518ef9ece354f32889783fc38cdf985fb02dcf1c3b14fa47d665640",
    "https://deno.land/std@0.214.0/path/posix/resolve.ts": "bac20d9921beebbbb2b73706683b518b1d0c1b1da514140cee409e90d6b2913a",
    "https://deno.land/std@0.214.0/path/resolve.ts": "a6f977bdb4272e79d8d0ed4333e3d71367cc3926acf15ac271f1d059c8494d8d",
    "https://deno.land/std@0.214.0/path/windows/_util.ts": "d5f47363e5293fced22c984550d5e70e98e266cc3f31769e1710511803d04808",
    "https://deno.land/std@0.214.0/path/windows/basename.ts": "e2dbf31d1d6385bfab1ce38c333aa290b6d7ae9e0ecb8234a654e583cf22f8fe",
    "https://deno.land/std@0.214.0/path/windows/constants.ts": "5afaac0a1f67b68b0a380a4ef391bf59feb55856aa8c60dfc01bd3b6abb813f5",
    "https://deno.land/std@0.214.0/path/windows/dirname.ts": "33e421be5a5558a1346a48e74c330b8e560be7424ed7684ea03c12c21b627bc9",
    "https://deno.land/std@0.214.0/path/windows/from_file_url.ts": "ced2d587b6dff18f963f269d745c4a599cf82b0c4007356bd957cb4cb52efc01",
    "https://deno.land/std@0.214.0/path/windows/glob_to_regexp.ts": "6dcd1242bd8907aa9660cbdd7c93446e6927b201112b0cba37ca5d80f81be51b",
    "https://deno.land/std@0.214.0/path/windows/is_absolute.ts": "4a8f6853f8598cf91a835f41abed42112cebab09478b072e4beb00ec81f8ca8a",
    "https://deno.land/std@0.214.0/path/windows/join.ts": "e0b3356615c1a75c56ebb6a7311157911659e11fd533d80d724800126b761ac3",
    "https://deno.land/std@0.214.0/path/windows/join_globs.ts": "ee2f4676c5b8a0dfa519da58b8ade4d1c4aa8dd3fe35619edec883ae9df1f8c9",
    "https://deno.land/std@0.214.0/path/windows/normalize.ts": "78126170ab917f0ca355a9af9e65ad6bfa5be14d574c5fb09bb1920f52577780",
    "https://deno.land/std@0.214.0/path/windows/normalize_glob.ts": "179c86ba89f4d3fe283d2addbe0607341f79ee9b1ae663abcfb3439db2e97810",
    "https://deno.land/std@0.214.0/path/windows/resolve.ts": "75b2e3e1238d840782cee3d8864d82bfaa593c7af8b22f19c6422cf82f330ab3"
  }
}
